PODS:
  - AFNetworking (4.0.0):
    - AFNetworking/NSURLSession (= 4.0.0)
    - AFNetworking/Reachability (= 4.0.0)
    - AFNetworking/Security (= 4.0.0)
    - AFNetworking/Serialization (= 4.0.0)
    - AFNetworking/UIKit (= 4.0.0)
  - AFNetworking/NSURLSession (4.0.0):
    - AFNetworking/Reachability
    - AFNetworking/Security
    - AFNetworking/Serialization
  - AFNetworking/Reachability (4.0.0)
  - AFNetworking/Security (4.0.0)
  - AFNetworking/Serialization (4.0.0)
  - AFNetworking/UIKit (4.0.0):
    - AFNetworking/NSURLSession
  - ReactiveAFNetworking (1.1.0):
    - AFNetworking (~> 4)
    - ReactiveCocoa (= 2.4.7)
  - ReactiveCocoa (2.4.7):
    - ReactiveCocoa/UI (= 2.4.7)
  - ReactiveCocoa/Core (2.4.7):
    - ReactiveCocoa/no-arc
  - ReactiveCocoa/no-arc (2.4.7)
  - ReactiveCocoa/UI (2.4.7):
    - ReactiveCocoa/Core

DEPENDENCIES:
  - AFNetworking (= 4)
  - ReactiveAFNetworking (from `../`)

SPEC REPOS:
  trunk:
    - AFNetworking
    - ReactiveCocoa

EXTERNAL SOURCES:
  ReactiveAFNetworking:
    :path: "../"

SPEC CHECKSUMS:
  AFNetworking: d9fdf484a3c723ec3c558a41cc5754c7e845ee77
  ReactiveAFNetworking: e762e35882d9df180d1d77320dcb8be701cf4c6b
  ReactiveCocoa: eb38dee0a0e698f73a9b25e5c1faea2bb4c79240

PODFILE CHECKSUM: fee93d10cba873c2213a0814c8264e4bda98a845

COCOAPODS: 1.9.1
