PODS:
  - AFNetworking (4.0.0):
    - AFNetworking/NSURLSession (= 4.0.0)
    - AFNetworking/Reachability (= 4.0.0)
    - AFNetworking/Security (= 4.0.0)
    - AFNetworking/Serialization (= 4.0.0)
    - AFNetworking/UIKit (= 4.0.0)
  - AFNetworking/NSURLSession (4.0.0):
    - AFNetworking/Reachability
    - AFNetworking/Security
    - AFNetworking/Serialization
  - AFNetworking/Reachability (4.0.0)
  - AFNetworking/Security (4.0.0)
  - AFNetworking/Serialization (4.0.0)
  - AFNetworking/UIKit (4.0.0):
    - AFNetworking/NSURLSession
  - ReactiveAFNetworking (1.0.3):
    - AFNetworking (~> 4)
    - ReactiveObjC (>= 1)
  - ReactiveObjC (1.0.2)

DEPENDENCIES:
  - AFNetworking (= 4)
  - ReactiveAFNetworking (from `../`)
  - ReactiveObjC (= 1.0.2)

SPEC REPOS:
  https://github.com/CocoaPods/Specs.git:
    - ReactiveObjC
  trunk:
    - AFNetworking

EXTERNAL SOURCES:
  ReactiveAFNetworking:
    :path: "../"

SPEC CHECKSUMS:
  AFNetworking: d9fdf484a3c723ec3c558a41cc5754c7e845ee77
  ReactiveAFNetworking: 24cccc2b844185972389d58c8f5234896b962fc8
  ReactiveObjC: 58e8dd8d5ccea31d11106c46a4755d9ce9c51aac

PODFILE CHECKSUM: fa3dc9a37a3045b4e971534e58704254511a1041

COCOAPODS: 1.9.1
