PODS:
  - AFNetworking (3.2.1):
    - AFNetworking/NSURLSession (= 3.2.1)
    - AFNetworking/Reachability (= 3.2.1)
    - AFNetworking/Security (= 3.2.1)
    - AFNetworking/Serialization (= 3.2.1)
    - AFNetworking/UIKit (= 3.2.1)
  - AFNetworking/NSURLSession (3.2.1):
    - AFNetworking/Reachability
    - AFNetworking/Security
    - AFNetworking/Serialization
  - AFNetworking/Reachability (3.2.1)
  - AFNetworking/Security (3.2.1)
  - AFNetworking/Serialization (3.2.1)
  - AFNetworking/UIKit (3.2.1):
    - AFNetworking/NSURLSession
  - ReactiveAFNetworking (1.0.2):
    - AFNetworking (~> 3)
    - ReactiveCocoa (= 2.4.7)
  - ReactiveCocoa (2.4.7):
    - ReactiveCocoa/UI (= 2.4.7)
  - ReactiveCocoa/Core (2.4.7):
    - ReactiveCocoa/no-arc
  - ReactiveCocoa/no-arc (2.4.7)
  - ReactiveCocoa/UI (2.4.7):
    - ReactiveCocoa/Core

DEPENDENCIES:
  - AFNetworking (= 3.2.1)
  - ReactiveAFNetworking (from `../`)

SPEC REPOS:
  https://github.com/cocoapods/specs.git:
    - AFNetworking
    - ReactiveCocoa

EXTERNAL SOURCES:
  ReactiveAFNetworking:
    :path: "../"

SPEC CHECKSUMS:
  AFNetworking: b6f891fdfaed196b46c7a83cf209e09697b94057
  ReactiveAFNetworking: ce9c24c6fcf98e71193cdcf594adf6113b3c797c
  ReactiveCocoa: eb38dee0a0e698f73a9b25e5c1faea2bb4c79240

PODFILE CHECKSUM: 6ee511c16ad9e33b72be3e1278c9965da26b2c19

COCOAPODS: 1.5.3
